
Microsoft Visual Studio Solution File, Format Version 12.00
# Visual Studio 15
VisualStudioVersion = 15.0.27130.2010
MinimumVisualStudioVersion = 10.0.40219.1
Project("{9A19103F-16F7-4668-BE54-9A1E7A4F7556}") = "Bunny101APICore", "Bunny101APICore\Bunny101APICore.csproj", "{3A7BA0D8-5575-411E-BBAF-A6A33D209170}"
EndProject
Global
	GlobalSection(SolutionConfigurationPlatforms) = preSolution
		Debug|Any CPU = Debug|Any CPU
		Release|Any CPU = Release|Any CPU
	EndGlobalSection
	GlobalSection(ProjectConfigurationPlatforms) = postSolution
		{3A7BA0D8-5575-411E-BBAF-A6A33D209170}.Debug|Any CPU.ActiveCfg = Debug|Any CPU
		{3A7BA0D8-5575-411E-BBAF-A6A33D209170}.Debug|Any CPU.Build.0 = Debug|Any CPU
		{3A7BA0D8-5575-411E-BBAF-A6A33D209170}.Release|Any CPU.ActiveCfg = Release|Any CPU
		{3A7BA0D8-5575-411E-BBAF-A6A33D209170}.Release|Any CPU.Build.0 = Release|Any CPU
	EndGlobalSection
	GlobalSection(SolutionProperties) = preSolution
		HideSolutionNode = FALSE
	EndGlobalSection
	GlobalSection(ExtensibilityGlobals) = postSolution
		SolutionGuid = {E80B4493-E380-44C6-BDD4-0DA710150E28}
	EndGlobalSection
EndGlobal
